
Microsoft Visual Studio Solution File, Format Version 12.00
Project("{FAE04EC0-301F-11D3-BF4B-00C04F79EFBC}") = "Saverr", "Saverr\Saverr.csproj", "{27358072-969A-48F1-B113-4024EC794727}"
EndProject
Project("{FAE04EC0-301F-11D3-BF4B-00C04F79EFBC}") = "TestSuite", "TestSuite\TestSuite.csproj", "{343505A6-092F-488F-9EDE-4584EB935202}"
EndProject
Global
	GlobalSection(SolutionConfigurationPlatforms) = preSolution
		Debug|Any CPU = Debug|Any CPU
		Release|Any CPU = Release|Any CPU
	EndGlobalSection
	GlobalSection(ProjectConfigurationPlatforms) = postSolution
		{27358072-969A-48F1-B113-4024EC794727}.Debug|Any CPU.ActiveCfg = Debug|Any CPU
		{27358072-969A-48F1-B113-4024EC794727}.Debug|Any CPU.Build.0 = Debug|Any CPU
		{27358072-969A-48F1-B113-4024EC794727}.Release|Any CPU.ActiveCfg = Release|Any CPU
		{27358072-969A-48F1-B113-4024EC794727}.Release|Any CPU.Build.0 = Release|Any CPU
		{343505A6-092F-488F-9EDE-4584EB935202}.Debug|Any CPU.ActiveCfg = Debug|Any CPU
		{343505A6-092F-488F-9EDE-4584EB935202}.Debug|Any CPU.Build.0 = Debug|Any CPU
		{343505A6-092F-488F-9EDE-4584EB935202}.Release|Any CPU.ActiveCfg = Release|Any CPU
		{343505A6-092F-488F-9EDE-4584EB935202}.Release|Any CPU.Build.0 = Release|Any CPU
	EndGlobalSection
EndGlobal
